// !$*UTF8*$!
{
	archiveVersion = 1;
	classes = {
	};
	objectVersion = 56;
	objects = {

/* Begin PBXBuildFile section */
		0C3D88153007B5E500883999 /* CarelyApp.swift in Sources */ = {isa = PBXBuildFile; fileRef = 0C3D88143007B5E500883999 /* CarelyApp.swift */; };
		0C3D88173007B5E500883999 /* ContentView.swift in Sources */ = {isa = PBXBuildFile; fileRef = 0C3D88163007B5E500883999 /* ContentView.swift */; };
		0C3D88193007B5E600883999 /* Assets.xcassets in Resources */ = {isa = PBXBuildFile; fileRef = 0C3D88183007B5E600883999 /* Assets.xcassets */; };
		0C3D881C3007B5E600883999 /* Preview Assets.xcassets in Resources */ = {isa = PBXBuildFile; fileRef = 0C3D881B3007B5E600883999 /* Preview Assets.xcassets */; };
		0C3D88263007B5E600883999 /* CarelyTests.swift in Sources */ = {isa = PBXBuildFile; fileRef = 0C3D88253007B5E600883999 /* CarelyTests.swift */; };
		0C3D88303007B5E700883999 /* CarelyUITests.swift in Sources */ = {isa = PBXBuildFile; fileRef = 0C3D882F3007B5E700883999 /* CarelyUITests.swift */; };
		0C3D88323007B5E700883999 /* CarelyUITestsLaunchTests.swift in Sources */ = {isa = PBXBuildFile; fileRef = 0C3D88313007B5E700883999 /* CarelyUITestsLaunchTests.swift */; };
		0C3D88583008461300883999 /* AppImages.swift in Sources */ = {isa = PBXBuildFile; fileRef = 0C3D884D3008461300883999 /* AppImages.swift */; };
		0C3D88593008461300883999 /* Colors.swift in Sources */ = {isa = PBXBuildFile; fileRef = 0C3D884F3008461300883999 /* Colors.swift */; };
		0C3D885A3008461300883999 /* Motion.swift in Sources */ = {isa = PBXBuildFile; fileRef = 0C3D88503008461300883999 /* Motion.swift */; };
		0C3D885B3008461300883999 /* Radius.swift in Sources */ = {isa = PBXBuildFile; fileRef = 0C3D88513008461300883999 /* Radius.swift */; };
		0C3D885C3008461300883999 /* Shadow.swift in Sources */ = {isa = PBXBuildFile; fileRef = 0C3D88523008461300883999 /* Shadow.swift */; };
		0C3D885D3008461300883999 /* Spacing.swift in Sources */ = {isa = PBXBuildFile; fileRef = 0C3D88533008461300883999 /* Spacing.swift */; };
		0C3D885E3008461300883999 /* Typography.swift in Sources */ = {isa = PBXBuildFile; fileRef = 0C3D88543008461300883999 /* Typography.swift */; };
		0C3D8861300846B800883999 /* ApiClient.swift in Sources */ = {isa = PBXBuildFile; fileRef = 0C3D8860300846B800883999 /* ApiClient.swift */; };
		0C3D88633008471200883999 /* AppContainer.swift in Sources */ = {isa = PBXBuildFile; fileRef = 0C3D88623008471200883999 /* AppContainer.swift */; };
		0C3D88663008475800883999 /* UtilityFile.swift in Sources */ = {isa = PBXBuildFile; fileRef = 0C3D88653008475800883999 /* UtilityFile.swift */; };
		0C3D8872300848A700883999 /* mapperfile.swift in Sources */ = {isa = PBXBuildFile; fileRef = 0C3D8871300848A700883999 /* mapperfile.swift */; };
		0C3D887F30084AFF00883999 /* AuthRemoteDataSource.swift in Sources */ = {isa = PBXBuildFile; fileRef = 0C3D887E30084AFF00883999 /* AuthRemoteDataSource.swift */; };
		0C3D888130084B1A00883999 /* AuthDto.swift in Sources */ = {isa = PBXBuildFile; fileRef = 0C3D888030084B1A00883999 /* AuthDto.swift */; };
		0C3D888530084BAB00883999 /* AuthViewModel.swift in Sources */ = {isa = PBXBuildFile; fileRef = 0C3D888430084BAB00883999 /* AuthViewModel.swift */; };
		0C3D888730084BB500883999 /* WelcomeView.swift in Sources */ = {isa = PBXBuildFile; fileRef = 0C3D888630084BB500883999 /* WelcomeView.swift */; };
		0C3D888930084E5900883999 /* entitiyfile.swift in Sources */ = {isa = PBXBuildFile; fileRef = 0C3D888830084E5900883999 /* entitiyfile.swift */; };
		0C3D888B30084E6000883999 /* useCasefile.swift in Sources */ = {isa = PBXBuildFile; fileRef = 0C3D888A30084E6000883999 /* useCasefile.swift */; };
		0C3D888E30084E7000883999 /* RepositoryProtocol.swift in Sources */ = {isa = PBXBuildFile; fileRef = 0C3D888D30084E7000883999 /* RepositoryProtocol.swift */; };
		0C3D889130084F3D00883999 /* RepositoryImpl.swift in Sources */ = {isa = PBXBuildFile; fileRef = 0C3D889030084F3D00883999 /* RepositoryImpl.swift */; };
		0C3D88963008510900883999 /* SharedFile.swift in Sources */ = {isa = PBXBuildFile; fileRef = 0C3D88953008510900883999 /* SharedFile.swift */; };
		B3A31306300949C000B5BB1D /* Cairo-Medium.ttf in Resources */ = {isa = PBXBuildFile; fileRef = B3A31303300949C000B5BB1D /* Cairo-Medium.ttf */; };
		B3A31307300949C000B5BB1D /* Cairo-Light.ttf in Resources */ = {isa = PBXBuildFile; fileRef = B3A31302300949C000B5BB1D /* Cairo-Light.ttf */; };
		B3A31308300949C000B5BB1D /* Cairo-Bold.ttf in Resources */ = {isa = PBXBuildFile; fileRef = B3A31301300949C000B5BB1D /* Cairo-Bold.ttf */; };
		B3A31309300949C000B5BB1D /* Cairo-Regular.ttf in Resources */ = {isa = PBXBuildFile; fileRef = B3A31304300949C000B5BB1D /* Cairo-Regular.ttf */; };
		B3A3130A300949C000B5BB1D /* Cairo-SemiBold.ttf in Resources */ = {isa = PBXBuildFile; fileRef = B3A31305300949C000B5BB1D /* Cairo-SemiBold.ttf */; };
		B3A3131030094A5A00B5BB1D /* Poppins-Regular.ttf in Resources */ = {isa = PBXBuildFile; fileRef = B3A3130E30094A5A00B5BB1D /* Poppins-Regular.ttf */; };
		B3A3131130094A5A00B5BB1D /* Poppins-SemiBold.ttf in Resources */ = {isa = PBXBuildFile; fileRef = B3A3130F30094A5A00B5BB1D /* Poppins-SemiBold.ttf */; };
		B3A3131230094A5A00B5BB1D /* Poppins-Light.ttf in Resources */ = {isa = PBXBuildFile; fileRef = B3A3130C30094A5A00B5BB1D /* Poppins-Light.ttf */; };
		B3A3131330094A5A00B5BB1D /* Poppins-Bold.ttf in Resources */ = {isa = PBXBuildFile; fileRef = B3A3130B30094A5A00B5BB1D /* Poppins-Bold.ttf */; };
		B3A3131430094A5A00B5BB1D /* Poppins-Medium.ttf in Resources */ = {isa = PBXBuildFile; fileRef = B3A3130D30094A5A00B5BB1D /* Poppins-Medium.ttf */; };
		C6C014813008BBB5006B5FDE /* Colors.xcassets in Resources */ = {isa = PBXBuildFile; fileRef = C6C014803008BBB5006B5FDE /* Colors.xcassets */; };
		C6C3BE02300A4D0800C5FC25 /* IconSize.swift in Sources */ = {isa = PBXBuildFile; fileRef = C6C3BE01300A4D0100C5FC25 /* IconSize.swift */; };
		C6C3BE07300A526600C5FC25 /* CompleteHealthProfileButton.swift in Sources */ = {isa = PBXBuildFile; fileRef = C6C3BE06300A526300C5FC25 /* CompleteHealthProfileButton.swift */; };
		C6C3BE09300A531900C5FC25 /* SkipForNowButton.swift in Sources */ = {isa = PBXBuildFile; fileRef = C6C3BE08300A531700C5FC25 /* SkipForNowButton.swift */; };
		C6C3BE0B300A534B00C5FC25 /* EncryptionNoticeBanner.swift in Sources */ = {isa = PBXBuildFile; fileRef = C6C3BE0A300A534800C5FC25 /* EncryptionNoticeBanner.swift */; };
		C6C3BE0D300A536600C5FC25 /* SecurityIndicator.swift in Sources */ = {isa = PBXBuildFile; fileRef = C6C3BE0C300A536300C5FC25 /* SecurityIndicator.swift */; };
		C6E761ED3008E2ED00481DB9 /* AuthRouter.swift in Sources */ = {isa = PBXBuildFile; fileRef = C6E761EC3008E2E500481DB9 /* AuthRouter.swift */; };
		C6E761EF3008E2F700481DB9 /* AuthRoute.swift in Sources */ = {isa = PBXBuildFile; fileRef = C6E761EE3008E2F100481DB9 /* AuthRoute.swift */; };
		C6E761F13008E30300481DB9 /* AuthCoordinator.swift in Sources */ = {isa = PBXBuildFile; fileRef = C6E761F03008E2FB00481DB9 /* AuthCoordinator.swift */; };
		C6E761F43008EB0D00481DB9 /* PhoneNumberView.swift in Sources */ = {isa = PBXBuildFile; fileRef = C6E761F33008EB0400481DB9 /* PhoneNumberView.swift */; };
		C6E761F63008EB2600481DB9 /* OTPVerificationOTP.swift in Sources */ = {isa = PBXBuildFile; fileRef = C6E761F53008EB2400481DB9 /* OTPVerificationOTP.swift */; };
		C6E761F83008EB9700481DB9 /* PersonalInfoView.swift in Sources */ = {isa = PBXBuildFile; fileRef = C6E761F73008EB3600481DB9 /* PersonalInfoView.swift */; };
		C6E761FA3008EBED00481DB9 /* ProfileSetupDecisionView.swift in Sources */ = {isa = PBXBuildFile; fileRef = C6E761F93008EBEA00481DB9 /* ProfileSetupDecisionView.swift */; };
		C6E761FC300926FA00481DB9 /* AppState.swift in Sources */ = {isa = PBXBuildFile; fileRef = C6E761FB300926F400481DB9 /* AppState.swift */; };
		C6E761FE3009336100481DB9 /* ProfileSetupDecisionViewModel.swift in Sources */ = {isa = PBXBuildFile; fileRef = C6E761FD3009336100481DB9 /* ProfileSetupDecisionViewModel.swift */; };
/* End PBXBuildFile section */

/* Begin PBXContainerItemProxy section */
		0C3D88223007B5E600883999 /* PBXContainerItemProxy */ = {
			isa = PBXContainerItemProxy;
			containerPortal = 0C3D88093007B5E400883999 /* Project object */;
			proxyType = 1;
			remoteGlobalIDString = 0C3D88103007B5E500883999;
			remoteInfo = Carely;
		};
		0C3D882C3007B5E700883999 /* PBXContainerItemProxy */ = {
			isa = PBXContainerItemProxy;
			containerPortal = 0C3D88093007B5E400883999 /* Project object */;
			proxyType = 1;
			remoteGlobalIDString = 0C3D88103007B5E500883999;
			remoteInfo = Carely;
		};
/* End PBXContainerItemProxy section */

/* Begin PBXFileReference section */
		0C3D88113007B5E500883999 /* Carely.app */ = {isa = PBXFileReference; explicitFileType = wrapper.application; includeInIndex = 0; path = Carely.app; sourceTree = BUILT_PRODUCTS_DIR; };
		0C3D88143007B5E500883999 /* CarelyApp.swift */ = {isa = PBXFileReference; lastKnownFileType = sourcecode.swift; path = CarelyApp.swift; sourceTree = "<group>"; };
		0C3D88163007B5E500883999 /* ContentView.swift */ = {isa = PBXFileReference; lastKnownFileType = sourcecode.swift; path = ContentView.swift; sourceTree = "<group>"; };
		0C3D88183007B5E600883999 /* Assets.xcassets */ = {isa = PBXFileReference; lastKnownFileType = folder.assetcatalog; path = Assets.xcassets; sourceTree = "<group>"; };
		0C3D881B3007B5E600883999 /* Preview Assets.xcassets */ = {isa = PBXFileReference; lastKnownFileType = folder.assetcatalog; path = "Preview Assets.xcassets"; sourceTree = "<group>"; };
		0C3D88213007B5E600883999 /* CarelyTests.xctest */ = {isa = PBXFileReference; explicitFileType = wrapper.cfbundle; includeInIndex = 0; path = CarelyTests.xctest; sourceTree = BUILT_PRODUCTS_DIR; };
		0C3D88253007B5E600883999 /* CarelyTests.swift */ = {isa = PBXFileReference; lastKnownFileType = sourcecode.swift; path = CarelyTests.swift; sourceTree = "<group>"; };
		0C3D882B3007B5E700883999 /* CarelyUITests.xctest */ = {isa = PBXFileReference; explicitFileType = wrapper.cfbundle; includeInIndex = 0; path = CarelyUITests.xctest; sourceTree = BUILT_PRODUCTS_DIR; };
		0C3D882F3007B5E700883999 /* CarelyUITests.swift */ = {isa = PBXFileReference; lastKnownFileType = sourcecode.swift; path = CarelyUITests.swift; sourceTree = "<group>"; };
		0C3D88313007B5E700883999 /* CarelyUITestsLaunchTests.swift */ = {isa = PBXFileReference; lastKnownFileType = sourcecode.swift; path = CarelyUITestsLaunchTests.swift; sourceTree = "<group>"; };
		0C3D884D3008461300883999 /* AppImages.swift */ = {isa = PBXFileReference; fileEncoding = 4; lastKnownFileType = sourcecode.swift; path = AppImages.swift; sourceTree = "<group>"; };
		0C3D884F3008461300883999 /* Colors.swift */ = {isa = PBXFileReference; fileEncoding = 4; lastKnownFileType = sourcecode.swift; path = Colors.swift; sourceTree = "<group>"; };
		0C3D88503008461300883999 /* Motion.swift */ = {isa = PBXFileReference; fileEncoding = 4; lastKnownFileType = sourcecode.swift; path = Motion.swift; sourceTree = "<group>"; };
		0C3D88513008461300883999 /* Radius.swift */ = {isa = PBXFileReference; fileEncoding = 4; lastKnownFileType = sourcecode.swift; path = Radius.swift; sourceTree = "<group>"; };
		0C3D88523008461300883999 /* Shadow.swift */ = {isa = PBXFileReference; fileEncoding = 4; lastKnownFileType = sourcecode.swift; path = Shadow.swift; sourceTree = "<group>"; };
		0C3D88533008461300883999 /* Spacing.swift */ = {isa = PBXFileReference; fileEncoding = 4; lastKnownFileType = sourcecode.swift; path = Spacing.swift; sourceTree = "<group>"; };
		0C3D88543008461300883999 /* Typography.swift */ = {isa = PBXFileReference; fileEncoding = 4; lastKnownFileType = sourcecode.swift; path = Typography.swift; sourceTree = "<group>"; };
		0C3D8860300846B800883999 /* ApiClient.swift */ = {isa = PBXFileReference; lastKnownFileType = sourcecode.swift; path = ApiClient.swift; sourceTree = "<group>"; };
		0C3D88623008471200883999 /* AppContainer.swift */ = {isa = PBXFileReference; lastKnownFileType = sourcecode.swift; path = AppContainer.swift; sourceTree = "<group>"; };
		0C3D88653008475800883999 /* UtilityFile.swift */ = {isa = PBXFileReference; lastKnownFileType = sourcecode.swift; path = UtilityFile.swift; sourceTree = "<group>"; };
		0C3D8871300848A700883999 /* mapperfile.swift */ = {isa = PBXFileReference; lastKnownFileType = sourcecode.swift; path = mapperfile.swift; sourceTree = "<group>"; };
		0C3D887E30084AFF00883999 /* AuthRemoteDataSource.swift */ = {isa = PBXFileReference; lastKnownFileType = sourcecode.swift; path = AuthRemoteDataSource.swift; sourceTree = "<group>"; };
		0C3D888030084B1A00883999 /* AuthDto.swift */ = {isa = PBXFileReference; lastKnownFileType = sourcecode.swift; path = AuthDto.swift; sourceTree = "<group>"; };
		0C3D888430084BAB00883999 /* AuthViewModel.swift */ = {isa = PBXFileReference; lastKnownFileType = sourcecode.swift; path = AuthViewModel.swift; sourceTree = "<group>"; };
		0C3D888630084BB500883999 /* WelcomeView.swift */ = {isa = PBXFileReference; lastKnownFileType = sourcecode.swift; path = WelcomeView.swift; sourceTree = "<group>"; };
		0C3D888830084E5900883999 /* entitiyfile.swift */ = {isa = PBXFileReference; lastKnownFileType = sourcecode.swift; path = entitiyfile.swift; sourceTree = "<group>"; };
		0C3D888A30084E6000883999 /* useCasefile.swift */ = {isa = PBXFileReference; lastKnownFileType = sourcecode.swift; path = useCasefile.swift; sourceTree = "<group>"; };
		0C3D888D30084E7000883999 /* RepositoryProtocol.swift */ = {isa = PBXFileReference; lastKnownFileType = sourcecode.swift; path = RepositoryProtocol.swift; sourceTree = "<group>"; };
		0C3D889030084F3D00883999 /* RepositoryImpl.swift */ = {isa = PBXFileReference; lastKnownFileType = sourcecode.swift; path = RepositoryImpl.swift; sourceTree = "<group>"; };
		0C3D88953008510900883999 /* SharedFile.swift */ = {isa = PBXFileReference; lastKnownFileType = sourcecode.swift; path = SharedFile.swift; sourceTree = "<group>"; };
		B3A31301300949C000B5BB1D /* Cairo-Bold.ttf */ = {isa = PBXFileReference; lastKnownFileType = file; path = "Cairo-Bold.ttf"; sourceTree = "<group>"; };
		B3A31302300949C000B5BB1D /* Cairo-Light.ttf */ = {isa = PBXFileReference; lastKnownFileType = file; path = "Cairo-Light.ttf"; sourceTree = "<group>"; };
		B3A31303300949C000B5BB1D /* Cairo-Medium.ttf */ = {isa = PBXFileReference; lastKnownFileType = file; path = "Cairo-Medium.ttf"; sourceTree = "<group>"; };
		B3A31304300949C000B5BB1D /* Cairo-Regular.ttf */ = {isa = PBXFileReference; lastKnownFileType = file; path = "Cairo-Regular.ttf"; sourceTree = "<group>"; };
		B3A31305300949C000B5BB1D /* Cairo-SemiBold.ttf */ = {isa = PBXFileReference; lastKnownFileType = file; path = "Cairo-SemiBold.ttf"; sourceTree = "<group>"; };
		B3A3130B30094A5A00B5BB1D /* Poppins-Bold.ttf */ = {isa = PBXFileReference; lastKnownFileType = file; path = "Poppins-Bold.ttf"; sourceTree = "<group>"; };
		B3A3130C30094A5A00B5BB1D /* Poppins-Light.ttf */ = {isa = PBXFileReference; lastKnownFileType = file; path = "Poppins-Light.ttf"; sourceTree = "<group>"; };
		B3A3130D30094A5A00B5BB1D /* Poppins-Medium.ttf */ = {isa = PBXFileReference; lastKnownFileType = file; path = "Poppins-Medium.ttf"; sourceTree = "<group>"; };
		B3A3130E30094A5A00B5BB1D /* Poppins-Regular.ttf */ = {isa = PBXFileReference; lastKnownFileType = file; path = "Poppins-Regular.ttf"; sourceTree = "<group>"; };
		B3A3130F30094A5A00B5BB1D /* Poppins-SemiBold.ttf */ = {isa = PBXFileReference; lastKnownFileType = file; path = "Poppins-SemiBold.ttf"; sourceTree = "<group>"; };
		B3A3131530094C9900B5BB1D /* Info.plist */ = {isa = PBXFileReference; lastKnownFileType = text.plist; path = Info.plist; sourceTree = "<group>"; };
		C6C014803008BBB5006B5FDE /* Colors.xcassets */ = {isa = PBXFileReference; lastKnownFileType = folder.assetcatalog; path = Colors.xcassets; sourceTree = "<group>"; };
		C6C3BE01300A4D0100C5FC25 /* IconSize.swift */ = {isa = PBXFileReference; lastKnownFileType = sourcecode.swift; path = IconSize.swift; sourceTree = "<group>"; };
		C6C3BE06300A526300C5FC25 /* CompleteHealthProfileButton.swift */ = {isa = PBXFileReference; lastKnownFileType = sourcecode.swift; path = CompleteHealthProfileButton.swift; sourceTree = "<group>"; };
		C6C3BE08300A531700C5FC25 /* SkipForNowButton.swift */ = {isa = PBXFileReference; lastKnownFileType = sourcecode.swift; path = SkipForNowButton.swift; sourceTree = "<group>"; };
		C6C3BE0A300A534800C5FC25 /* EncryptionNoticeBanner.swift */ = {isa = PBXFileReference; lastKnownFileType = sourcecode.swift; path = EncryptionNoticeBanner.swift; sourceTree = "<group>"; };
		C6C3BE0C300A536300C5FC25 /* SecurityIndicator.swift */ = {isa = PBXFileReference; lastKnownFileType = sourcecode.swift; path = SecurityIndicator.swift; sourceTree = "<group>"; };
		C6E761EC3008E2E500481DB9 /* AuthRouter.swift */ = {isa = PBXFileReference; lastKnownFileType = sourcecode.swift; path = AuthRouter.swift; sourceTree = "<group>"; };
		C6E761EE3008E2F100481DB9 /* AuthRoute.swift */ = {isa = PBXFileReference; lastKnownFileType = sourcecode.swift; path = AuthRoute.swift; sourceTree = "<group>"; };
		C6E761F03008E2FB00481DB9 /* AuthCoordinator.swift */ = {isa = PBXFileReference; lastKnownFileType = sourcecode.swift; path = AuthCoordinator.swift; sourceTree = "<group>"; };
		C6E761F33008EB0400481DB9 /* PhoneNumberView.swift */ = {isa = PBXFileReference; lastKnownFileType = sourcecode.swift; path = PhoneNumberView.swift; sourceTree = "<group>"; };
		C6E761F53008EB2400481DB9 /* OTPVerificationOTP.swift */ = {isa = PBXFileReference; lastKnownFileType = sourcecode.swift; path = OTPVerificationOTP.swift; sourceTree = "<group>"; };
		C6E761F73008EB3600481DB9 /* PersonalInfoView.swift */ = {isa = PBXFileReference; lastKnownFileType = sourcecode.swift; path = PersonalInfoView.swift; sourceTree = "<group>"; };
		C6E761F93008EBEA00481DB9 /* ProfileSetupDecisionView.swift */ = {isa = PBXFileReference; lastKnownFileType = sourcecode.swift; path = ProfileSetupDecisionView.swift; sourceTree = "<group>"; };
		C6E761FB300926F400481DB9 /* AppState.swift */ = {isa = PBXFileReference; lastKnownFileType = sourcecode.swift; path = AppState.swift; sourceTree = "<group>"; };
		C6E761FD3009336100481DB9 /* ProfileSetupDecisionViewModel.swift */ = {isa = PBXFileReference; lastKnownFileType = sourcecode.swift; path = ProfileSetupDecisionViewModel.swift; sourceTree = "<group>"; };
/* End PBXFileReference section */

/* Begin PBXFrameworksBuildPhase section */
		0C3D880E3007B5E500883999 /* Frameworks */ = {
			isa = PBXFrameworksBuildPhase;
			buildActionMask = 2147483647;
			files = (
			);
			runOnlyForDeploymentPostprocessing = 0;
		};
		0C3D881E3007B5E600883999 /* Frameworks */ = {
			isa = PBXFrameworksBuildPhase;
			buildActionMask = 2147483647;
			files = (
			);
			runOnlyForDeploymentPostprocessing = 0;
		};
		0C3D88283007B5E700883999 /* Frameworks */ = {
			isa = PBXFrameworksBuildPhase;
			buildActionMask = 2147483647;
			files = (
			);
			runOnlyForDeploymentPostprocessing = 0;
		};
/* End PBXFrameworksBuildPhase section */

/* Begin PBXGroup section */
		0C3D88083007B5E400883999 = {
			isa = PBXGroup;
			children = (
				0C3D88133007B5E500883999 /* Carely */,
				0C3D88243007B5E600883999 /* CarelyTests */,
				0C3D882E3007B5E700883999 /* CarelyUITests */,
				0C3D88123007B5E500883999 /* Products */,
			);
			sourceTree = "<group>";
		};
		0C3D88123007B5E500883999 /* Products */ = {
			isa = PBXGroup;
			children = (
				0C3D88113007B5E500883999 /* Carely.app */,
				0C3D88213007B5E600883999 /* CarelyTests.xctest */,
				0C3D882B3007B5E700883999 /* CarelyUITests.xctest */,
			);
			name = Products;
			sourceTree = "<group>";
		};
		0C3D88133007B5E500883999 /* Carely */ = {
			isa = PBXGroup;
			children = (
				B3A3131530094C9900B5BB1D /* Info.plist */,
				0C3D8847300844A800883999 /* Core */,
				0C3D8848300844B500883999 /* App */,
				0C3D8849300844BA00883999 /* Features */,
				0C3D881A3007B5E600883999 /* Preview Content */,
			);
			path = Carely;
			sourceTree = "<group>";
		};
		0C3D881A3007B5E600883999 /* Preview Content */ = {
			isa = PBXGroup;
			children = (
				0C3D881B3007B5E600883999 /* Preview Assets.xcassets */,
			);
			path = "Preview Content";
			sourceTree = "<group>";
		};
		0C3D88243007B5E600883999 /* CarelyTests */ = {
			isa = PBXGroup;
			children = (
				0C3D88253007B5E600883999 /* CarelyTests.swift */,
			);
			path = CarelyTests;
			sourceTree = "<group>";
		};
		0C3D882E3007B5E700883999 /* CarelyUITests */ = {
			isa = PBXGroup;
			children = (
				0C3D882F3007B5E700883999 /* CarelyUITests.swift */,
				0C3D88313007B5E700883999 /* CarelyUITestsLaunchTests.swift */,
			);
			path = CarelyUITests;
			sourceTree = "<group>";
		};
		0C3D8847300844A800883999 /* Core */ = {
			isa = PBXGroup;
			children = (
				0C3D88643008472D00883999 /* Utilities */,
				0C3D885F3008466A00883999 /* Network */,
				0C3D88573008461300883999 /* DesignSystem */,
				0C3D884A300844C200883999 /* DI */,
			);
			path = Core;
			sourceTree = "<group>";
		};
		0C3D8848300844B500883999 /* App */ = {
			isa = PBXGroup;
			children = (
				C6E761FB300926F400481DB9 /* AppState.swift */,
				C6E761EB3008E2B900481DB9 /* AuthCoordinator */,
				0C3D88143007B5E500883999 /* CarelyApp.swift */,
				0C3D88163007B5E500883999 /* ContentView.swift */,
			);
			path = App;
			sourceTree = "<group>";
		};
		0C3D8849300844BA00883999 /* Features */ = {
			isa = PBXGroup;
			children = (
				0C3D88943008501500883999 /* Shared */,
				0C3D886A3008483C00883999 /* Auth */,
			);
			path = Features;
			sourceTree = "<group>";
		};
		0C3D884A300844C200883999 /* DI */ = {
			isa = PBXGroup;
			children = (
				0C3D88623008471200883999 /* AppContainer.swift */,
			);
			path = DI;
			sourceTree = "<group>";
		};
		0C3D884E3008461300883999 /* Extensions */ = {
			isa = PBXGroup;
			children = (
				0C3D884D3008461300883999 /* AppImages.swift */,
			);
			path = Extensions;
			sourceTree = "<group>";
		};
		0C3D88553008461300883999 /* Foundations */ = {
			isa = PBXGroup;
			children = (
				C6C3BE01300A4D0100C5FC25 /* IconSize.swift */,
				0C3D884F3008461300883999 /* Colors.swift */,
				0C3D88503008461300883999 /* Motion.swift */,
				0C3D88513008461300883999 /* Radius.swift */,
				0C3D88523008461300883999 /* Shadow.swift */,
				0C3D88533008461300883999 /* Spacing.swift */,
				0C3D88543008461300883999 /* Typography.swift */,
			);
			path = Foundations;
			sourceTree = "<group>";
		};
		0C3D88563008461300883999 /* Resources */ = {
			isa = PBXGroup;
			children = (
				B3A312FE3009491200B5BB1D /* Fonts */,
				0C3D88183007B5E600883999 /* Assets.xcassets */,
				C6C014803008BBB5006B5FDE /* Colors.xcassets */,
			);
			path = Resources;
			sourceTree = "<group>";
		};
		0C3D88573008461300883999 /* DesignSystem */ = {
			isa = PBXGroup;
			children = (
				0C3D884E3008461300883999 /* Extensions */,
				0C3D88553008461300883999 /* Foundations */,
				0C3D88563008461300883999 /* Resources */,
			);
			path = DesignSystem;
			sourceTree = "<group>";
		};
		0C3D885F3008466A00883999 /* Network */ = {
			isa = PBXGroup;
			children = (
				0C3D8860300846B800883999 /* ApiClient.swift */,
			);
			path = Network;
			sourceTree = "<group>";
		};
		0C3D88643008472D00883999 /* Utilities */ = {
			isa = PBXGroup;
			children = (
				0C3D88653008475800883999 /* UtilityFile.swift */,
			);
			path = Utilities;
			sourceTree = "<group>";
		};
		0C3D886A3008483C00883999 /* Auth */ = {
			isa = PBXGroup;
			children = (
				0C3D886E3008485C00883999 /* Data */,
				0C3D886D3008485100883999 /* Presentation */,
				0C3D886C3008484B00883999 /* Domain */,
			);
			path = Auth;
			sourceTree = "<group>";
		};
		0C3D886C3008484B00883999 /* Domain */ = {
			isa = PBXGroup;
			children = (
				0C3D887930084A8D00883999 /* Repositories */,
				0C3D8878300848E000883999 /* UseCases */,
				0C3D8877300848D700883999 /* Entities */,
			);
			path = Domain;
			sourceTree = "<group>";
		};
		0C3D886D3008485100883999 /* Presentation */ = {
			isa = PBXGroup;
			children = (
				0C3D888330084B7000883999 /* ViewModel */,
				0C3D888230084B6A00883999 /* View */,
			);
			path = Presentation;
			sourceTree = "<group>";
		};
		0C3D886E3008485C00883999 /* Data */ = {
			isa = PBXGroup;
			children = (
				0C3D888F30084EA300883999 /* Repositories */,
				0C3D887C30084AD400883999 /* DataSources */,
				0C3D887B30084ABB00883999 /* DTOs */,
				0C3D887A30084AA900883999 /* Mappers */,
			);
			path = Data;
			sourceTree = "<group>";
		};
		0C3D8877300848D700883999 /* Entities */ = {
			isa = PBXGroup;
			children = (
				0C3D888830084E5900883999 /* entitiyfile.swift */,
			);
			path = Entities;
			sourceTree = "<group>";
		};
		0C3D8878300848E000883999 /* UseCases */ = {
			isa = PBXGroup;
			children = (
				0C3D888A30084E6000883999 /* useCasefile.swift */,
			);
			path = UseCases;
			sourceTree = "<group>";
		};
		0C3D887930084A8D00883999 /* Repositories */ = {
			isa = PBXGroup;
			children = (
				0C3D888D30084E7000883999 /* RepositoryProtocol.swift */,
			);
			path = Repositories;
			sourceTree = "<group>";
		};
		0C3D887A30084AA900883999 /* Mappers */ = {
			isa = PBXGroup;
			children = (
				0C3D8871300848A700883999 /* mapperfile.swift */,
			);
			path = Mappers;
			sourceTree = "<group>";
		};
		0C3D887B30084ABB00883999 /* DTOs */ = {
			isa = PBXGroup;
			children = (
				0C3D888030084B1A00883999 /* AuthDto.swift */,
			);
			path = DTOs;
			sourceTree = "<group>";
		};
		0C3D887C30084AD400883999 /* DataSources */ = {
			isa = PBXGroup;
			children = (
				0C3D887E30084AFF00883999 /* AuthRemoteDataSource.swift */,
			);
			path = DataSources;
			sourceTree = "<group>";
		};
		0C3D888230084B6A00883999 /* View */ = {
			isa = PBXGroup;
			children = (
				C6C3BE05300A525600C5FC25 /* Components */,
				C6E761F23008EAF200481DB9 /* Screens */,
			);
			path = View;
			sourceTree = "<group>";
		};
		0C3D888330084B7000883999 /* ViewModel */ = {
			isa = PBXGroup;
			children = (
				0C3D888430084BAB00883999 /* AuthViewModel.swift */,
				C6E761FD3009336100481DB9 /* ProfileSetupDecisionViewModel.swift */,
			);
			path = ViewModel;
			sourceTree = "<group>";
		};
		0C3D888F30084EA300883999 /* Repositories */ = {
			isa = PBXGroup;
			children = (
				0C3D889030084F3D00883999 /* RepositoryImpl.swift */,
			);
			path = Repositories;
			sourceTree = "<group>";
		};
		0C3D88943008501500883999 /* Shared */ = {
			isa = PBXGroup;
			children = (
				0C3D88953008510900883999 /* SharedFile.swift */,
			);
			path = Shared;
			sourceTree = "<group>";
		};
		B3A312FE3009491200B5BB1D /* Fonts */ = {
			isa = PBXGroup;
			children = (
				B3A313003009494B00B5BB1D /* Poppins */,
				B3A312FF3009493700B5BB1D /* Cairo */,
			);
			path = Fonts;
			sourceTree = "<group>";
		};
		B3A312FF3009493700B5BB1D /* Cairo */ = {
			isa = PBXGroup;
			children = (
				B3A31301300949C000B5BB1D /* Cairo-Bold.ttf */,
				B3A31302300949C000B5BB1D /* Cairo-Light.ttf */,
				B3A31303300949C000B5BB1D /* Cairo-Medium.ttf */,
				B3A31304300949C000B5BB1D /* Cairo-Regular.ttf */,
				B3A31305300949C000B5BB1D /* Cairo-SemiBold.ttf */,
			);
			path = Cairo;
			sourceTree = "<group>";
		};
		B3A313003009494B00B5BB1D /* Poppins */ = {
			isa = PBXGroup;
			children = (
				B3A3130B30094A5A00B5BB1D /* Poppins-Bold.ttf */,
				B3A3130C30094A5A00B5BB1D /* Poppins-Light.ttf */,
				B3A3130D30094A5A00B5BB1D /* Poppins-Medium.ttf */,
				B3A3130E30094A5A00B5BB1D /* Poppins-Regular.ttf */,
				B3A3130F30094A5A00B5BB1D /* Poppins-SemiBold.ttf */,
			);
			path = Poppins;
			sourceTree = "<group>";
		};
		C6C3BE05300A525600C5FC25 /* Components */ = {
			isa = PBXGroup;
			children = (
				C6C3BE0C300A536300C5FC25 /* SecurityIndicator.swift */,
				C6C3BE0A300A534800C5FC25 /* EncryptionNoticeBanner.swift */,
				C6C3BE08300A531700C5FC25 /* SkipForNowButton.swift */,
				C6C3BE06300A526300C5FC25 /* CompleteHealthProfileButton.swift */,
			);
			path = Components;
			sourceTree = "<group>";
		};
		C6E761EB3008E2B900481DB9 /* AuthCoordinator */ = {
			isa = PBXGroup;
			children = (
				C6E761F03008E2FB00481DB9 /* AuthCoordinator.swift */,
				C6E761EE3008E2F100481DB9 /* AuthRoute.swift */,
				C6E761EC3008E2E500481DB9 /* AuthRouter.swift */,
			);
			path = AuthCoordinator;
			sourceTree = "<group>";
		};
		C6E761F23008EAF200481DB9 /* Screens */ = {
			isa = PBXGroup;
			children = (
				C6E761F93008EBEA00481DB9 /* ProfileSetupDecisionView.swift */,
				C6E761F73008EB3600481DB9 /* PersonalInfoView.swift */,
				C6E761F53008EB2400481DB9 /* OTPVerificationOTP.swift */,
				C6E761F33008EB0400481DB9 /* PhoneNumberView.swift */,
				0C3D888630084BB500883999 /* WelcomeView.swift */,
			);
			path = Screens;
			sourceTree = "<group>";
		};
/* End PBXGroup section */

/* Begin PBXNativeTarget section */
		0C3D88103007B5E500883999 /* Carely */ = {
			isa = PBXNativeTarget;
			buildConfigurationList = 0C3D88353007B5E700883999 /* Build configuration list for PBXNativeTarget "Carely" */;
			buildPhases = (
				0C3D880D3007B5E500883999 /* Sources */,
				0C3D880E3007B5E500883999 /* Frameworks */,
				0C3D880F3007B5E500883999 /* Resources */,
			);
			buildRules = (
			);
			dependencies = (
			);
			name = Carely;
			productName = Carely;
			productReference = 0C3D88113007B5E500883999 /* Carely.app */;
			productType = "com.apple.product-type.application";
		};
		0C3D88203007B5E600883999 /* CarelyTests */ = {
			isa = PBXNativeTarget;
			buildConfigurationList = 0C3D88383007B5E700883999 /* Build configuration list for PBXNativeTarget "CarelyTests" */;
			buildPhases = (
				0C3D881D3007B5E600883999 /* Sources */,
				0C3D881E3007B5E600883999 /* Frameworks */,
				0C3D881F3007B5E600883999 /* Resources */,
			);
			buildRules = (
			);
			dependencies = (
				0C3D88233007B5E600883999 /* PBXTargetDependency */,
			);
			name = CarelyTests;
			productName = CarelyTests;
			productReference = 0C3D88213007B5E600883999 /* CarelyTests.xctest */;
			productType = "com.apple.product-type.bundle.unit-test";
		};
		0C3D882A3007B5E700883999 /* CarelyUITests */ = {
			isa = PBXNativeTarget;
			buildConfigurationList = 0C3D883B3007B5E700883999 /* Build configuration list for PBXNativeTarget "CarelyUITests" */;
			buildPhases = (
				0C3D88273007B5E700883999 /* Sources */,
				0C3D88283007B5E700883999 /* Frameworks */,
				0C3D88293007B5E700883999 /* Resources */,
			);
			buildRules = (
			);
			dependencies = (
				0C3D882D3007B5E700883999 /* PBXTargetDependency */,
			);
			name = CarelyUITests;
			productName = CarelyUITests;
			productReference = 0C3D882B3007B5E700883999 /* CarelyUITests.xctest */;
			productType = "com.apple.product-type.bundle.ui-testing";
		};
/* End PBXNativeTarget section */

/* Begin PBXProject section */
		0C3D88093007B5E400883999 /* Project object */ = {
			isa = PBXProject;
			attributes = {
				BuildIndependentTargetsInParallel = 1;
				LastSwiftUpdateCheck = 1540;
				LastUpgradeCheck = 2650;
				TargetAttributes = {
					0C3D88103007B5E500883999 = {
						CreatedOnToolsVersion = 15.4;
					};
					0C3D88203007B5E600883999 = {
						CreatedOnToolsVersion = 15.4;
						TestTargetID = 0C3D88103007B5E500883999;
					};
					0C3D882A3007B5E700883999 = {
						CreatedOnToolsVersion = 15.4;
						TestTargetID = 0C3D88103007B5E500883999;
					};
				};
			};
			buildConfigurationList = 0C3D880C3007B5E400883999 /* Build configuration list for PBXProject "Carely" */;
			compatibilityVersion = "Xcode 14.0";
			developmentRegion = en;
			hasScannedForEncodings = 0;
			knownRegions = (
				en,
				Base,
			);
			mainGroup = 0C3D88083007B5E400883999;
			packageReferences = (
				0C3D88463008365F00883999 /* XCRemoteSwiftPackageReference "Alamofire" */,
			);
			productRefGroup = 0C3D88123007B5E500883999 /* Products */;
			projectDirPath = "";
			projectRoot = "";
			targets = (
				0C3D88103007B5E500883999 /* Carely */,
				0C3D88203007B5E600883999 /* CarelyTests */,
				0C3D882A3007B5E700883999 /* CarelyUITests */,
			);
		};
/* End PBXProject section */

/* Begin PBXResourcesBuildPhase section */
		0C3D880F3007B5E500883999 /* Resources */ = {
			isa = PBXResourcesBuildPhase;
			buildActionMask = 2147483647;
			files = (
				0C3D881C3007B5E600883999 /* Preview Assets.xcassets in Resources */,
				C6C014813008BBB5006B5FDE /* Colors.xcassets in Resources */,
				B3A31306300949C000B5BB1D /* Cairo-Medium.ttf in Resources */,
				B3A31307300949C000B5BB1D /* Cairo-Light.ttf in Resources */,
				B3A31308300949C000B5BB1D /* Cairo-Bold.ttf in Resources */,
				B3A31309300949C000B5BB1D /* Cairo-Regular.ttf in Resources */,
				B3A3130A300949C000B5BB1D /* Cairo-SemiBold.ttf in Resources */,
				0C3D88193007B5E600883999 /* Assets.xcassets in Resources */,
				B3A3131030094A5A00B5BB1D /* Poppins-Regular.ttf in Resources */,
				B3A3131130094A5A00B5BB1D /* Poppins-SemiBold.ttf in Resources */,
				B3A3131230094A5A00B5BB1D /* Poppins-Light.ttf in Resources */,
				B3A3131330094A5A00B5BB1D /* Poppins-Bold.ttf in Resources */,
				B3A3131430094A5A00B5BB1D /* Poppins-Medium.ttf in Resources */,
			);
			runOnlyForDeploymentPostprocessing = 0;
		};
		0C3D881F3007B5E600883999 /* Resources */ = {
			isa = PBXResourcesBuildPhase;
			buildActionMask = 2147483647;
			files = (
			);
			runOnlyForDeploymentPostprocessing = 0;
		};
		0C3D88293007B5E700883999 /* Resources */ = {
			isa = PBXResourcesBuildPhase;
			buildActionMask = 2147483647;
			files = (
			);
			runOnlyForDeploymentPostprocessing = 0;
		};
/* End PBXResourcesBuildPhase section */

/* Begin PBXSourcesBuildPhase section */
		0C3D880D3007B5E500883999 /* Sources */ = {
			isa = PBXSourcesBuildPhase;
			buildActionMask = 2147483647;
			files = (
				C6C3BE07300A526600C5FC25 /* CompleteHealthProfileButton.swift in Sources */,
				0C3D88173007B5E500883999 /* ContentView.swift in Sources */,
				0C3D88663008475800883999 /* UtilityFile.swift in Sources */,
				0C3D88593008461300883999 /* Colors.swift in Sources */,
				C6E761F63008EB2600481DB9 /* OTPVerificationOTP.swift in Sources */,
				C6E761EF3008E2F700481DB9 /* AuthRoute.swift in Sources */,
				0C3D88583008461300883999 /* AppImages.swift in Sources */,
				C6E761F13008E30300481DB9 /* AuthCoordinator.swift in Sources */,
				0C3D885A3008461300883999 /* Motion.swift in Sources */,
				C6C3BE0B300A534B00C5FC25 /* EncryptionNoticeBanner.swift in Sources */,
				0C3D88153007B5E500883999 /* CarelyApp.swift in Sources */,
				0C3D885D3008461300883999 /* Spacing.swift in Sources */,
				0C3D888B30084E6000883999 /* useCasefile.swift in Sources */,
				C6E761F43008EB0D00481DB9 /* PhoneNumberView.swift in Sources */,
				0C3D888730084BB500883999 /* WelcomeView.swift in Sources */,
				C6C3BE02300A4D0800C5FC25 /* IconSize.swift in Sources */,
				0C3D888530084BAB00883999 /* AuthViewModel.swift in Sources */,
				0C3D888130084B1A00883999 /* AuthDto.swift in Sources */,
				C6C3BE09300A531900C5FC25 /* SkipForNowButton.swift in Sources */,
				0C3D88963008510900883999 /* SharedFile.swift in Sources */,
				0C3D88633008471200883999 /* AppContainer.swift in Sources */,
				0C3D885C3008461300883999 /* Shadow.swift in Sources */,
				0C3D889130084F3D00883999 /* RepositoryImpl.swift in Sources */,
				0C3D885E3008461300883999 /* Typography.swift in Sources */,
				C6E761FE3009336100481DB9 /* ProfileSetupDecisionViewModel.swift in Sources */,
				0C3D8872300848A700883999 /* mapperfile.swift in Sources */,
				C6E761FC300926FA00481DB9 /* AppState.swift in Sources */,
				C6E761ED3008E2ED00481DB9 /* AuthRouter.swift in Sources */,
				0C3D885B3008461300883999 /* Radius.swift in Sources */,
				0C3D888930084E5900883999 /* entitiyfile.swift in Sources */,
				C6E761F83008EB9700481DB9 /* PersonalInfoView.swift in Sources */,
				C6E761FA3008EBED00481DB9 /* ProfileSetupDecisionView.swift in Sources */,
				0C3D888E30084E7000883999 /* RepositoryProtocol.swift in Sources */,
				0C3D887F30084AFF00883999 /* AuthRemoteDataSource.swift in Sources */,
				0C3D8861300846B800883999 /* ApiClient.swift in Sources */,
				C6C3BE0D300A536600C5FC25 /* SecurityIndicator.swift in Sources */,
			);
			runOnlyForDeploymentPostprocessing = 0;
		};
		0C3D881D3007B5E600883999 /* Sources */ = {
			isa = PBXSourcesBuildPhase;
			buildActionMask = 2147483647;
			files = (
				0C3D88263007B5E600883999 /* CarelyTests.swift in Sources */,
			);
			runOnlyForDeploymentPostprocessing = 0;
		};
		0C3D88273007B5E700883999 /* Sources */ = {
			isa = PBXSourcesBuildPhase;
			buildActionMask = 2147483647;
			files = (
				0C3D88323007B5E700883999 /* CarelyUITestsLaunchTests.swift in Sources */,
				0C3D88303007B5E700883999 /* CarelyUITests.swift in Sources */,
			);
			runOnlyForDeploymentPostprocessing = 0;
		};
/* End PBXSourcesBuildPhase section */

/* Begin PBXTargetDependency section */
		0C3D88233007B5E600883999 /* PBXTargetDependency */ = {
			isa = PBXTargetDependency;
			target = 0C3D88103007B5E500883999 /* Carely */;
			targetProxy = 0C3D88223007B5E600883999 /* PBXContainerItemProxy */;
		};
		0C3D882D3007B5E700883999 /* PBXTargetDependency */ = {
			isa = PBXTargetDependency;
			target = 0C3D88103007B5E500883999 /* Carely */;
			targetProxy = 0C3D882C3007B5E700883999 /* PBXContainerItemProxy */;
		};
/* End PBXTargetDependency section */

/* Begin XCBuildConfiguration section */
		0C3D88333007B5E700883999 /* Debug */ = {
			isa = XCBuildConfiguration;
			buildSettings = {
				ALWAYS_SEARCH_USER_PATHS = NO;
				ASSETCATALOG_COMPILER_GENERATE_SWIFT_ASSET_SYMBOL_EXTENSIONS = NO;
				CLANG_ANALYZER_NONNULL = YES;
				CLANG_ANALYZER_NUMBER_OBJECT_CONVERSION = YES_AGGRESSIVE;
				CLANG_CXX_LANGUAGE_STANDARD = "gnu++20";
				CLANG_ENABLE_MODULES = YES;
				CLANG_ENABLE_OBJC_ARC = YES;
				CLANG_ENABLE_OBJC_WEAK = YES;
				CLANG_WARN_BLOCK_CAPTURE_AUTORELEASING = YES;
				CLANG_WARN_BOOL_CONVERSION = YES;
				CLANG_WARN_COMMA = YES;
				CLANG_WARN_CONSTANT_CONVERSION = YES;
				CLANG_WARN_DEPRECATED_OBJC_IMPLEMENTATIONS = YES;
				CLANG_WARN_DIRECT_OBJC_ISA_USAGE = YES_ERROR;
				CLANG_WARN_DOCUMENTATION_COMMENTS = YES;
				CLANG_WARN_EMPTY_BODY = YES;
				CLANG_WARN_ENUM_CONVERSION = YES;
				CLANG_WARN_INFINITE_RECURSION = YES;
				CLANG_WARN_INT_CONVERSION = YES;
				CLANG_WARN_NON_LITERAL_NULL_CONVERSION = YES;
				CLANG_WARN_OBJC_IMPLICIT_RETAIN_SELF = YES;
				CLANG_WARN_OBJC_LITERAL_CONVERSION = YES;
				CLANG_WARN_OBJC_ROOT_CLASS = YES_ERROR;
				CLANG_WARN_QUOTED_INCLUDE_IN_FRAMEWORK_HEADER = YES;
				CLANG_WARN_RANGE_LOOP_ANALYSIS = YES;
				CLANG_WARN_STRICT_PROTOTYPES = YES;
				CLANG_WARN_SUSPICIOUS_MOVE = YES;
				CLANG_WARN_UNGUARDED_AVAILABILITY = YES_AGGRESSIVE;
				CLANG_WARN_UNREACHABLE_CODE = YES;
				CLANG_WARN__DUPLICATE_METHOD_MATCH = YES;
				COPY_PHASE_STRIP = NO;
				DEBUG_INFORMATION_FORMAT = dwarf;
				ENABLE_STRICT_OBJC_MSGSEND = YES;
				ENABLE_TESTABILITY = YES;
				ENABLE_USER_SCRIPT_SANDBOXING = YES;
				GCC_C_LANGUAGE_STANDARD = gnu17;
				GCC_DYNAMIC_NO_PIC = NO;
				GCC_NO_COMMON_BLOCKS = YES;
				GCC_OPTIMIZATION_LEVEL = 0;
				GCC_PREPROCESSOR_DEFINITIONS = (
					"DEBUG=1",
					"$(inherited)",
				);
				GCC_WARN_64_TO_32_BIT_CONVERSION = YES;
				GCC_WARN_ABOUT_RETURN_TYPE = YES_ERROR;
				GCC_WARN_UNDECLARED_SELECTOR = YES;
				GCC_WARN_UNINITIALIZED_AUTOS = YES_AGGRESSIVE;
				GCC_WARN_UNUSED_FUNCTION = YES;
				GCC_WARN_UNUSED_VARIABLE = YES;
				IPHONEOS_DEPLOYMENT_TARGET = 17.5;
				LOCALIZATION_PREFERS_STRING_CATALOGS = YES;
				MTL_ENABLE_DEBUG_INFO = INCLUDE_SOURCE;
				MTL_FAST_MATH = YES;
				ONLY_ACTIVE_ARCH = YES;
				SDKROOT = iphoneos;
				SWIFT_ACTIVE_COMPILATION_CONDITIONS = "DEBUG $(inherited)";
				SWIFT_OPTIMIZATION_LEVEL = "-Onone";
			};
			name = Debug;
		};
		0C3D88343007B5E700883999 /* Release */ = {
			isa = XCBuildConfiguration;
			buildSettings = {
				ALWAYS_SEARCH_USER_PATHS = NO;
				ASSETCATALOG_COMPILER_GENERATE_SWIFT_ASSET_SYMBOL_EXTENSIONS = NO;
				CLANG_ANALYZER_NONNULL = YES;
				CLANG_ANALYZER_NUMBER_OBJECT_CONVERSION = YES_AGGRESSIVE;
				CLANG_CXX_LANGUAGE_STANDARD = "gnu++20";
				CLANG_ENABLE_MODULES = YES;
				CLANG_ENABLE_OBJC_ARC = YES;
				CLANG_ENABLE_OBJC_WEAK = YES;
				CLANG_WARN_BLOCK_CAPTURE_AUTORELEASING = YES;
				CLANG_WARN_BOOL_CONVERSION = YES;
				CLANG_WARN_COMMA = YES;
				CLANG_WARN_CONSTANT_CONVERSION = YES;
				CLANG_WARN_DEPRECATED_OBJC_IMPLEMENTATIONS = YES;
				CLANG_WARN_DIRECT_OBJC_ISA_USAGE = YES_ERROR;
				CLANG_WARN_DOCUMENTATION_COMMENTS = YES;
				CLANG_WARN_EMPTY_BODY = YES;
				CLANG_WARN_ENUM_CONVERSION = YES;
				CLANG_WARN_INFINITE_RECURSION = YES;
				CLANG_WARN_INT_CONVERSION = YES;
				CLANG_WARN_NON_LITERAL_NULL_CONVERSION = YES;
				CLANG_WARN_OBJC_IMPLICIT_RETAIN_SELF = YES;
				CLANG_WARN_OBJC_LITERAL_CONVERSION = YES;
				CLANG_WARN_OBJC_ROOT_CLASS = YES_ERROR;
				CLANG_WARN_QUOTED_INCLUDE_IN_FRAMEWORK_HEADER = YES;
				CLANG_WARN_RANGE_LOOP_ANALYSIS = YES;
				CLANG_WARN_STRICT_PROTOTYPES = YES;
				CLANG_WARN_SUSPICIOUS_MOVE = YES;
				CLANG_WARN_UNGUARDED_AVAILABILITY = YES_AGGRESSIVE;
				CLANG_WARN_UNREACHABLE_CODE = YES;
				CLANG_WARN__DUPLICATE_METHOD_MATCH = YES;
				COPY_PHASE_STRIP = NO;
				DEBUG_INFORMATION_FORMAT = "dwarf-with-dsym";
				ENABLE_NS_ASSERTIONS = NO;
				ENABLE_STRICT_OBJC_MSGSEND = YES;
				ENABLE_USER_SCRIPT_SANDBOXING = YES;
				GCC_C_LANGUAGE_STANDARD = gnu17;
				GCC_NO_COMMON_BLOCKS = YES;
				GCC_WARN_64_TO_32_BIT_CONVERSION = YES;
				GCC_WARN_ABOUT_RETURN_TYPE = YES_ERROR;
				GCC_WARN_UNDECLARED_SELECTOR = YES;
				GCC_WARN_UNINITIALIZED_AUTOS = YES_AGGRESSIVE;
				GCC_WARN_UNUSED_FUNCTION = YES;
				GCC_WARN_UNUSED_VARIABLE = YES;
				IPHONEOS_DEPLOYMENT_TARGET = 17.5;
				LOCALIZATION_PREFERS_STRING_CATALOGS = YES;
				MTL_ENABLE_DEBUG_INFO = NO;
				MTL_FAST_MATH = YES;
				SDKROOT = iphoneos;
				SWIFT_COMPILATION_MODE = wholemodule;
				VALIDATE_PRODUCT = YES;
			};
			name = Release;
		};
		0C3D88363007B5E700883999 /* Debug */ = {
			isa = XCBuildConfiguration;
			buildSettings = {
				ASSETCATALOG_COMPILER_APPICON_NAME = AppIcon;
				ASSETCATALOG_COMPILER_GLOBAL_ACCENT_COLOR_NAME = AccentColor;
				CODE_SIGN_STYLE = Automatic;
				CURRENT_PROJECT_VERSION = 1;
				DEVELOPMENT_ASSET_PATHS = "\"Carely/Preview Content\"";
				ENABLE_PREVIEWS = YES;
				GENERATE_INFOPLIST_FILE = YES;
				INFOPLIST_FILE = Carely/Info.plist;
				INFOPLIST_KEY_UIApplicationSceneManifest_Generation = YES;
				INFOPLIST_KEY_UIApplicationSupportsIndirectInputEvents = YES;
				INFOPLIST_KEY_UILaunchScreen_Generation = YES;
				INFOPLIST_KEY_UISupportedInterfaceOrientations_iPad = "UIInterfaceOrientationPortrait UIInterfaceOrientationPortraitUpsideDown UIInterfaceOrientationLandscapeLeft UIInterfaceOrientationLandscapeRight";
				INFOPLIST_KEY_UISupportedInterfaceOrientations_iPhone = "UIInterfaceOrientationPortrait UIInterfaceOrientationLandscapeLeft UIInterfaceOrientationLandscapeRight";
				LD_RUNPATH_SEARCH_PATHS = (
					"$(inherited)",
					"@executable_path/Frameworks",
				);
				MARKETING_VERSION = 1.0;
				PRODUCT_BUNDLE_IDENTIFIER = iti.Carely;
				PRODUCT_NAME = "$(TARGET_NAME)";
				SWIFT_EMIT_LOC_STRINGS = YES;
				SWIFT_VERSION = 5.0;
				TARGETED_DEVICE_FAMILY = "1,2";
			};
			name = Debug;
		};
		0C3D88373007B5E700883999 /* Release */ = {
			isa = XCBuildConfiguration;
			buildSettings = {
				ASSETCATALOG_COMPILER_APPICON_NAME = AppIcon;
				ASSETCATALOG_COMPILER_GLOBAL_ACCENT_COLOR_NAME = AccentColor;
				CODE_SIGN_STYLE = Automatic;
				CURRENT_PROJECT_VERSION = 1;
				DEVELOPMENT_ASSET_PATHS = "\"Carely/Preview Content\"";
				ENABLE_PREVIEWS = YES;
				GENERATE_INFOPLIST_FILE = YES;
				INFOPLIST_FILE = Carely/Info.plist;
				INFOPLIST_KEY_UIApplicationSceneManifest_Generation = YES;
				INFOPLIST_KEY_UIApplicationSupportsIndirectInputEvents = YES;
				INFOPLIST_KEY_UILaunchScreen_Generation = YES;
				INFOPLIST_KEY_UISupportedInterfaceOrientations_iPad = "UIInterfaceOrientationPortrait UIInterfaceOrientationPortraitUpsideDown UIInterfaceOrientationLandscapeLeft UIInterfaceOrientationLandscapeRight";
				INFOPLIST_KEY_UISupportedInterfaceOrientations_iPhone = "UIInterfaceOrientationPortrait UIInterfaceOrientationLandscapeLeft UIInterfaceOrientationLandscapeRight";
				LD_RUNPATH_SEARCH_PATHS = (
					"$(inherited)",
					"@executable_path/Frameworks",
				);
				MARKETING_VERSION = 1.0;
				PRODUCT_BUNDLE_IDENTIFIER = iti.Carely;
				PRODUCT_NAME = "$(TARGET_NAME)";
				SWIFT_EMIT_LOC_STRINGS = YES;
				SWIFT_VERSION = 5.0;
				TARGETED_DEVICE_FAMILY = "1,2";
			};
			name = Release;
		};
		0C3D88393007B5E700883999 /* Debug */ = {
			isa = XCBuildConfiguration;
			buildSettings = {
				BUNDLE_LOADER = "$(TEST_HOST)";
				CODE_SIGN_STYLE = Automatic;
				CURRENT_PROJECT_VERSION = 1;
				GENERATE_INFOPLIST_FILE = YES;
				IPHONEOS_DEPLOYMENT_TARGET = 17.5;
				MARKETING_VERSION = 1.0;
				PRODUCT_BUNDLE_IDENTIFIER = iti.CarelyTests;
				PRODUCT_NAME = "$(TARGET_NAME)";
				SWIFT_EMIT_LOC_STRINGS = NO;
				SWIFT_VERSION = 5.0;
				TARGETED_DEVICE_FAMILY = "1,2";
				TEST_HOST = "$(BUILT_PRODUCTS_DIR)/Carely.app/$(BUNDLE_EXECUTABLE_FOLDER_PATH)/Carely";
			};
			name = Debug;
		};
		0C3D883A3007B5E700883999 /* Release */ = {
			isa = XCBuildConfiguration;
			buildSettings = {
				BUNDLE_LOADER = "$(TEST_HOST)";
				CODE_SIGN_STYLE = Automatic;
				CURRENT_PROJECT_VERSION = 1;
				GENERATE_INFOPLIST_FILE = YES;
				IPHONEOS_DEPLOYMENT_TARGET = 17.5;
				MARKETING_VERSION = 1.0;
				PRODUCT_BUNDLE_IDENTIFIER = iti.CarelyTests;
				PRODUCT_NAME = "$(TARGET_NAME)";
				SWIFT_EMIT_LOC_STRINGS = NO;
				SWIFT_VERSION = 5.0;
				TARGETED_DEVICE_FAMILY = "1,2";
				TEST_HOST = "$(BUILT_PRODUCTS_DIR)/Carely.app/$(BUNDLE_EXECUTABLE_FOLDER_PATH)/Carely";
			};
			name = Release;
		};
		0C3D883C3007B5E700883999 /* Debug */ = {
			isa = XCBuildConfiguration;
			buildSettings = {
				CODE_SIGN_STYLE = Automatic;
				CURRENT_PROJECT_VERSION = 1;
				GENERATE_INFOPLIST_FILE = YES;
				MARKETING_VERSION = 1.0;
				PRODUCT_BUNDLE_IDENTIFIER = iti.CarelyUITests;
				PRODUCT_NAME = "$(TARGET_NAME)";
				SWIFT_EMIT_LOC_STRINGS = NO;
				SWIFT_VERSION = 5.0;
				TARGETED_DEVICE_FAMILY = "1,2";
				TEST_TARGET_NAME = Carely;
			};
			name = Debug;
		};
		0C3D883D3007B5E700883999 /* Release */ = {
			isa = XCBuildConfiguration;
			buildSettings = {
				CODE_SIGN_STYLE = Automatic;
				CURRENT_PROJECT_VERSION = 1;
				GENERATE_INFOPLIST_FILE = YES;
				MARKETING_VERSION = 1.0;
				PRODUCT_BUNDLE_IDENTIFIER = iti.CarelyUITests;
				PRODUCT_NAME = "$(TARGET_NAME)";
				SWIFT_EMIT_LOC_STRINGS = NO;
				SWIFT_VERSION = 5.0;
				TARGETED_DEVICE_FAMILY = "1,2";
				TEST_TARGET_NAME = Carely;
			};
			name = Release;
		};
/* End XCBuildConfiguration section */

/* Begin XCConfigurationList section */
		0C3D880C3007B5E400883999 /* Build configuration list for PBXProject "Carely" */ = {
			isa = XCConfigurationList;
			buildConfigurations = (
				0C3D88333007B5E700883999 /* Debug */,
				0C3D88343007B5E700883999 /* Release */,
			);
			defaultConfigurationIsVisible = 0;
			defaultConfigurationName = Release;
		};
		0C3D88353007B5E700883999 /* Build configuration list for PBXNativeTarget "Carely" */ = {
			isa = XCConfigurationList;
			buildConfigurations = (
				0C3D88363007B5E700883999 /* Debug */,
				0C3D88373007B5E700883999 /* Release */,
			);
			defaultConfigurationIsVisible = 0;
			defaultConfigurationName = Release;
		};
		0C3D88383007B5E700883999 /* Build configuration list for PBXNativeTarget "CarelyTests" */ = {
			isa = XCConfigurationList;
			buildConfigurations = (
				0C3D88393007B5E700883999 /* Debug */,
				0C3D883A3007B5E700883999 /* Release */,
			);
			defaultConfigurationIsVisible = 0;
			defaultConfigurationName = Release;
		};
		0C3D883B3007B5E700883999 /* Build configuration list for PBXNativeTarget "CarelyUITests" */ = {
			isa = XCConfigurationList;
			buildConfigurations = (
				0C3D883C3007B5E700883999 /* Debug */,
				0C3D883D3007B5E700883999 /* Release */,
			);
			defaultConfigurationIsVisible = 0;
			defaultConfigurationName = Release;
		};
/* End XCConfigurationList section */

/* Begin XCRemoteSwiftPackageReference section */
		0C3D88463008365F00883999 /* XCRemoteSwiftPackageReference "Alamofire" */ = {
			isa = XCRemoteSwiftPackageReference;
			repositoryURL = "https://github.com/Alamofire/Alamofire.git";
			requirement = {
				kind = upToNextMajorVersion;
				minimumVersion = 5.10.0;
			};
		};
/* End XCRemoteSwiftPackageReference section */
	};
	rootObject = 0C3D88093007B5E400883999 /* Project object */;
}
